
Microsoft Visual Studio Solution File, Format Version 12.00
# Visual Studio Version 16
VisualStudioVersion = 16.0.30804.86
MinimumVisualStudioVersion = 10.0.40219.1
Project("{FAE04EC0-301F-11D3-BF4B-00C04F79EFBC}") = "jacky.api", "jacky.api\jacky.api.csproj", "{7736620F-7070-4D50-9A8A-BD7D44DF6D13}"
EndProject
Project("{FAE04EC0-301F-11D3-BF4B-00C04F79EFBC}") = "jacky.model", "jacky.model\jacky.model.csproj", "{30F84A2C-A0B3-4B3B-A3AF-F45EEA1CE1CA}"
EndProject
Global
	GlobalSection(SolutionConfigurationPlatforms) = preSolution
		Debug|Any CPU = Debug|Any CPU
		Release|Any CPU = Release|Any CPU
	EndGlobalSection
	GlobalSection(ProjectConfigurationPlatforms) = postSolution
		{7736620F-7070-4D50-9A8A-BD7D44DF6D13}.Debug|Any CPU.ActiveCfg = Debug|Any CPU
		{7736620F-7070-4D50-9A8A-BD7D44DF6D13}.Debug|Any CPU.Build.0 = Debug|Any CPU
		{7736620F-7070-4D50-9A8A-BD7D44DF6D13}.Release|Any CPU.ActiveCfg = Release|Any CPU
		{7736620F-7070-4D50-9A8A-BD7D44DF6D13}.Release|Any CPU.Build.0 = Release|Any CPU
		{30F84A2C-A0B3-4B3B-A3AF-F45EEA1CE1CA}.Debug|Any CPU.ActiveCfg = Debug|Any CPU
		{30F84A2C-A0B3-4B3B-A3AF-F45EEA1CE1CA}.Debug|Any CPU.Build.0 = Debug|Any CPU
		{30F84A2C-A0B3-4B3B-A3AF-F45EEA1CE1CA}.Release|Any CPU.ActiveCfg = Release|Any CPU
		{30F84A2C-A0B3-4B3B-A3AF-F45EEA1CE1CA}.Release|Any CPU.Build.0 = Release|Any CPU
	EndGlobalSection
	GlobalSection(SolutionProperties) = preSolution
		HideSolutionNode = FALSE
	EndGlobalSection
	GlobalSection(ExtensibilityGlobals) = postSolution
		SolutionGuid = {6BCD21E0-FAB1-4DE5-96EB-78DFB30554DF}
	EndGlobalSection
EndGlobal
